
Microsoft Visual Studio Solution File, Format Version 12.00
# Visual Studio Version 16
VisualStudioVersion = 16.0.32228.343
MinimumVisualStudioVersion = 10.0.40219.1
Project("{9A19103F-16F7-4668-BE54-9A1E7A4F7556}") = "SMSControlPanel", "SMSControlPanel.csproj", "{9DA597DE-36AA-49CB-87E8-49FD515D8336}"
EndProject
Project("{9A19103F-16F7-4668-BE54-9A1E7A4F7556}") = "VMSMSRestService", "..\VMSMSRestService\VMSMSRestService.csproj", "{28040914-421C-453D-B529-9EA45DFCE220}"
EndProject
Global
	GlobalSection(SolutionConfigurationPlatforms) = preSolution
		Debug|Any CPU = Debug|Any CPU
		Release|Any CPU = Release|Any CPU
	EndGlobalSection
	GlobalSection(ProjectConfigurationPlatforms) = postSolution
		{9DA597DE-36AA-49CB-87E8-49FD515D8336}.Debug|Any CPU.ActiveCfg = Debug|Any CPU
		{9DA597DE-36AA-49CB-87E8-49FD515D8336}.Debug|Any CPU.Build.0 = Debug|Any CPU
		{9DA597DE-36AA-49CB-87E8-49FD515D8336}.Release|Any CPU.ActiveCfg = Release|Any CPU
		{9DA597DE-36AA-49CB-87E8-49FD515D8336}.Release|Any CPU.Build.0 = Release|Any CPU
		{28040914-421C-453D-B529-9EA45DFCE220}.Debug|Any CPU.ActiveCfg = Debug|Any CPU
		{28040914-421C-453D-B529-9EA45DFCE220}.Debug|Any CPU.Build.0 = Debug|Any CPU
		{28040914-421C-453D-B529-9EA45DFCE220}.Release|Any CPU.ActiveCfg = Release|Any CPU
		{28040914-421C-453D-B529-9EA45DFCE220}.Release|Any CPU.Build.0 = Release|Any CPU
	EndGlobalSection
	GlobalSection(SolutionProperties) = preSolution
		HideSolutionNode = FALSE
	EndGlobalSection
	GlobalSection(ExtensibilityGlobals) = postSolution
		SolutionGuid = {C3519BDE-D503-48A2-A384-FB7B7B8CF542}
	EndGlobalSection
EndGlobal
